
Microsoft Visual Studio Solution File, Format Version 12.00
# Visual Studio Version 17
VisualStudioVersion = 17.6.33815.320
MinimumVisualStudioVersion = 10.0.40219.1
Project("{2150E333-8FDC-42A3-9474-1A3956D46DE8}") = "src", "src", "{5745F4BA-DDF1-4D24-8294-DE8BA5C413B6}"
EndProject
Project("{2150E333-8FDC-42A3-9474-1A3956D46DE8}") = "Solution Items", "Solution Items", "{8FA42247-96BB-4473-9B96-935B5D98EBC5}"
	ProjectSection(SolutionItems) = preProject
		ServiceUrls.txt = ServiceUrls.txt
	EndProjectSection
EndProject
Project("{2150E333-8FDC-42A3-9474-1A3956D46DE8}") = "ApiGateways", "ApiGateways", "{F66C7547-544F-494B-AAB8-B00A685C8272}"
EndProject
Project("{2150E333-8FDC-42A3-9474-1A3956D46DE8}") = "BuildingBlocks", "BuildingBlocks", "{061D0285-6FE9-41D8-9C19-298B1C3DF554}"
EndProject
Project("{2150E333-8FDC-42A3-9474-1A3956D46DE8}") = "Services", "Services", "{FD072C06-2B25-4677-B669-1D300D3BC452}"
EndProject
Project("{2150E333-8FDC-42A3-9474-1A3956D46DE8}") = "Clients", "Clients", "{0198CBD9-600D-4907-9524-9916BD63122B}"
EndProject
Project("{2150E333-8FDC-42A3-9474-1A3956D46DE8}") = "WebApiGateway", "WebApiGateway", "{3AA026C5-3B95-42E0-A837-90569B65514B}"
EndProject
Project("{FAE04EC0-301F-11D3-BF4B-00C04F79EFBC}") = "Web.ApiGateway", "src\ApiGateways\WebApiGateway\Web.ApiGateway\Web.ApiGateway.csproj", "{766B326D-54AB-4ACB-A599-29B764F74784}"
EndProject
Project("{2150E333-8FDC-42A3-9474-1A3956D46DE8}") = "EventBus", "EventBus", "{329183D7-00A9-481B-B553-5D9E873A8731}"
EndProject
Project("{FAE04EC0-301F-11D3-BF4B-00C04F79EFBC}") = "EventBus.Base", "src\BuildingBlocks\EventBuse\EventBus.Base\EventBus.Base.csproj", "{2524B14D-E5D4-43BF-AC63-74A08D91EBBC}"
EndProject
Project("{FAE04EC0-301F-11D3-BF4B-00C04F79EFBC}") = "EventBus.Factory", "src\BuildingBlocks\EventBuse\EventBus.Factory\EventBus.Factory.csproj", "{B1B1FBB6-7E40-4A84-B0D2-0B1DBA2142F6}"
EndProject
Project("{FAE04EC0-301F-11D3-BF4B-00C04F79EFBC}") = "EventBus.AzureServiceBus", "src\BuildingBlocks\EventBuse\EventBus.AzureServiceBus\EventBus.AzureServiceBus.csproj", "{2E36D034-8639-4694-B8F8-5B6450F87A36}"
EndProject
Project("{FAE04EC0-301F-11D3-BF4B-00C04F79EFBC}") = "EventBus.RabbitMq", "src\BuildingBlocks\EventBuse\EventBus.RabbitMq\EventBus.RabbitMq.csproj", "{4609745E-57CA-4822-9720-93152A6F6FEF}"
EndProject
Project("{2150E333-8FDC-42A3-9474-1A3956D46DE8}") = "BlazorWebApp", "BlazorWebApp", "{DBA27E79-9C49-47D9-9722-B9501FF310E1}"
EndProject
Project("{FAE04EC0-301F-11D3-BF4B-00C04F79EFBC}") = "WebApp", "src\Clients\BlazorWebApp\WebApp\WebApp.csproj", "{C97CC489-05F9-4283-BA0C-7168E19595DC}"
EndProject
Project("{2150E333-8FDC-42A3-9474-1A3956D46DE8}") = "BasketService", "BasketService", "{6AB9915A-55B5-4731-90D5-B9144A371FF6}"
EndProject
Project("{FAE04EC0-301F-11D3-BF4B-00C04F79EFBC}") = "BasketService.Api", "src\Services\BasketService\BasketService.Api\BasketService.Api.csproj", "{54C25CFF-6DE0-41A9-BD0B-802DD2EB62F6}"
EndProject
Project("{2150E333-8FDC-42A3-9474-1A3956D46DE8}") = "CatalogService", "CatalogService", "{4DDB955D-1EBD-4CB1-A661-BD18BB69EB8F}"
EndProject
Project("{FAE04EC0-301F-11D3-BF4B-00C04F79EFBC}") = "CatalogService.Api", "src\Services\CatalogService\CatalogService.Api\CatalogService.Api.csproj", "{2974037E-840B-4F63-AD6B-96F48A6FD9EF}"
EndProject
Project("{2150E333-8FDC-42A3-9474-1A3956D46DE8}") = "IdentityService", "IdentityService", "{A833B9C0-2F95-40C5-BD5C-D123AE3EA842}"
EndProject
Project("{FAE04EC0-301F-11D3-BF4B-00C04F79EFBC}") = "IdentityService.Api", "src\Services\IdentityService\IdentityService.Api\IdentityService.Api.csproj", "{404025EE-B2FC-4A18-91A4-8CA3A8D1BEA4}"
EndProject
Project("{2150E333-8FDC-42A3-9474-1A3956D46DE8}") = "NotificationService", "NotificationService", "{1BC43A15-67D4-4248-9922-5EE92D11F0CF}"
EndProject
Project("{FAE04EC0-301F-11D3-BF4B-00C04F79EFBC}") = "NotificationService", "src\Services\NotificationService\NotificationService\NotificationService.csproj", "{CD4C43F6-C90F-4AA5-B89F-5BAF9A7EA248}"
EndProject
Project("{2150E333-8FDC-42A3-9474-1A3956D46DE8}") = "OrderService", "OrderService", "{330BFB33-1719-45F8-ABC6-06D8AAA46D2C}"
EndProject
Project("{FAE04EC0-301F-11D3-BF4B-00C04F79EFBC}") = "OrderService.Domain", "src\Services\OrderService\OrderService.Domain\OrderService.Domain.csproj", "{6D1AC6D4-EDDF-47CE-97EF-E6542C33F431}"
EndProject
Project("{FAE04EC0-301F-11D3-BF4B-00C04F79EFBC}") = "OrderService.Application", "src\Services\OrderService\OrderService.Application\OrderService.Application.csproj", "{C9B7A89D-A253-4A11-ACBC-487D81DD2A3C}"
EndProject
Project("{FAE04EC0-301F-11D3-BF4B-00C04F79EFBC}") = "OrderService.Infrastructure", "src\Services\OrderService\OrderService.Infrastructure\OrderService.Infrastructure.csproj", "{62FA2ABD-42CE-45C0-834A-96DF5797985B}"
EndProject
Project("{FAE04EC0-301F-11D3-BF4B-00C04F79EFBC}") = "OrderService.Api", "src\Services\OrderService\OrderService.Api\OrderService.Api.csproj", "{053FBC3F-EC18-4E49-9006-717AEBECDF47}"
EndProject
Project("{2150E333-8FDC-42A3-9474-1A3956D46DE8}") = "PaymentService", "PaymentService", "{587A45D2-B396-40D5-8DE4-3D3FBB234F30}"
EndProject
Project("{FAE04EC0-301F-11D3-BF4B-00C04F79EFBC}") = "PaymentService.Api", "src\Services\PaymentService\PaymentService.Api\PaymentService.Api.csproj", "{5C737935-344E-430B-8240-DA21954A63FC}"
EndProject
Global
	GlobalSection(SolutionConfigurationPlatforms) = preSolution
		Debug|Any CPU = Debug|Any CPU
		Release|Any CPU = Release|Any CPU
	EndGlobalSection
	GlobalSection(ProjectConfigurationPlatforms) = postSolution
		{766B326D-54AB-4ACB-A599-29B764F74784}.Debug|Any CPU.ActiveCfg = Debug|Any CPU
		{766B326D-54AB-4ACB-A599-29B764F74784}.Debug|Any CPU.Build.0 = Debug|Any CPU
		{766B326D-54AB-4ACB-A599-29B764F74784}.Release|Any CPU.ActiveCfg = Release|Any CPU
		{766B326D-54AB-4ACB-A599-29B764F74784}.Release|Any CPU.Build.0 = Release|Any CPU
		{2524B14D-E5D4-43BF-AC63-74A08D91EBBC}.Debug|Any CPU.ActiveCfg = Debug|Any CPU
		{2524B14D-E5D4-43BF-AC63-74A08D91EBBC}.Debug|Any CPU.Build.0 = Debug|Any CPU
		{2524B14D-E5D4-43BF-AC63-74A08D91EBBC}.Release|Any CPU.ActiveCfg = Release|Any CPU
		{2524B14D-E5D4-43BF-AC63-74A08D91EBBC}.Release|Any CPU.Build.0 = Release|Any CPU
		{B1B1FBB6-7E40-4A84-B0D2-0B1DBA2142F6}.Debug|Any CPU.ActiveCfg = Debug|Any CPU
		{B1B1FBB6-7E40-4A84-B0D2-0B1DBA2142F6}.Debug|Any CPU.Build.0 = Debug|Any CPU
		{B1B1FBB6-7E40-4A84-B0D2-0B1DBA2142F6}.Release|Any CPU.ActiveCfg = Release|Any CPU
		{B1B1FBB6-7E40-4A84-B0D2-0B1DBA2142F6}.Release|Any CPU.Build.0 = Release|Any CPU
		{2E36D034-8639-4694-B8F8-5B6450F87A36}.Debug|Any CPU.ActiveCfg = Debug|Any CPU
		{2E36D034-8639-4694-B8F8-5B6450F87A36}.Debug|Any CPU.Build.0 = Debug|Any CPU
		{2E36D034-8639-4694-B8F8-5B6450F87A36}.Release|Any CPU.ActiveCfg = Release|Any CPU
		{2E36D034-8639-4694-B8F8-5B6450F87A36}.Release|Any CPU.Build.0 = Release|Any CPU
		{4609745E-57CA-4822-9720-93152A6F6FEF}.Debug|Any CPU.ActiveCfg = Debug|Any CPU
		{4609745E-57CA-4822-9720-93152A6F6FEF}.Debug|Any CPU.Build.0 = Debug|Any CPU
		{4609745E-57CA-4822-9720-93152A6F6FEF}.Release|Any CPU.ActiveCfg = Release|Any CPU
		{4609745E-57CA-4822-9720-93152A6F6FEF}.Release|Any CPU.Build.0 = Release|Any CPU
		{C97CC489-05F9-4283-BA0C-7168E19595DC}.Debug|Any CPU.ActiveCfg = Debug|Any CPU
		{C97CC489-05F9-4283-BA0C-7168E19595DC}.Debug|Any CPU.Build.0 = Debug|Any CPU
		{C97CC489-05F9-4283-BA0C-7168E19595DC}.Release|Any CPU.ActiveCfg = Release|Any CPU
		{C97CC489-05F9-4283-BA0C-7168E19595DC}.Release|Any CPU.Build.0 = Release|Any CPU
		{54C25CFF-6DE0-41A9-BD0B-802DD2EB62F6}.Debug|Any CPU.ActiveCfg = Debug|Any CPU
		{54C25CFF-6DE0-41A9-BD0B-802DD2EB62F6}.Debug|Any CPU.Build.0 = Debug|Any CPU
		{54C25CFF-6DE0-41A9-BD0B-802DD2EB62F6}.Release|Any CPU.ActiveCfg = Release|Any CPU
		{54C25CFF-6DE0-41A9-BD0B-802DD2EB62F6}.Release|Any CPU.Build.0 = Release|Any CPU
		{2974037E-840B-4F63-AD6B-96F48A6FD9EF}.Debug|Any CPU.ActiveCfg = Debug|Any CPU
		{2974037E-840B-4F63-AD6B-96F48A6FD9EF}.Debug|Any CPU.Build.0 = Debug|Any CPU
		{2974037E-840B-4F63-AD6B-96F48A6FD9EF}.Release|Any CPU.ActiveCfg = Release|Any CPU
		{2974037E-840B-4F63-AD6B-96F48A6FD9EF}.Release|Any CPU.Build.0 = Release|Any CPU
		{404025EE-B2FC-4A18-91A4-8CA3A8D1BEA4}.Debug|Any CPU.ActiveCfg = Debug|Any CPU
		{404025EE-B2FC-4A18-91A4-8CA3A8D1BEA4}.Debug|Any CPU.Build.0 = Debug|Any CPU
		{404025EE-B2FC-4A18-91A4-8CA3A8D1BEA4}.Release|Any CPU.ActiveCfg = Release|Any CPU
		{404025EE-B2FC-4A18-91A4-8CA3A8D1BEA4}.Release|Any CPU.Build.0 = Release|Any CPU
		{CD4C43F6-C90F-4AA5-B89F-5BAF9A7EA248}.Debug|Any CPU.ActiveCfg = Debug|Any CPU
		{CD4C43F6-C90F-4AA5-B89F-5BAF9A7EA248}.Debug|Any CPU.Build.0 = Debug|Any CPU
		{CD4C43F6-C90F-4AA5-B89F-5BAF9A7EA248}.Release|Any CPU.ActiveCfg = Release|Any CPU
		{CD4C43F6-C90F-4AA5-B89F-5BAF9A7EA248}.Release|Any CPU.Build.0 = Release|Any CPU
		{6D1AC6D4-EDDF-47CE-97EF-E6542C33F431}.Debug|Any CPU.ActiveCfg = Debug|Any CPU
		{6D1AC6D4-EDDF-47CE-97EF-E6542C33F431}.Debug|Any CPU.Build.0 = Debug|Any CPU
		{6D1AC6D4-EDDF-47CE-97EF-E6542C33F431}.Release|Any CPU.ActiveCfg = Release|Any CPU
		{6D1AC6D4-EDDF-47CE-97EF-E6542C33F431}.Release|Any CPU.Build.0 = Release|Any CPU
		{C9B7A89D-A253-4A11-ACBC-487D81DD2A3C}.Debug|Any CPU.ActiveCfg = Debug|Any CPU
		{C9B7A89D-A253-4A11-ACBC-487D81DD2A3C}.Debug|Any CPU.Build.0 = Debug|Any CPU
		{C9B7A89D-A253-4A11-ACBC-487D81DD2A3C}.Release|Any CPU.ActiveCfg = Release|Any CPU
		{C9B7A89D-A253-4A11-ACBC-487D81DD2A3C}.Release|Any CPU.Build.0 = Release|Any CPU
		{62FA2ABD-42CE-45C0-834A-96DF5797985B}.Debug|Any CPU.ActiveCfg = Debug|Any CPU
		{62FA2ABD-42CE-45C0-834A-96DF5797985B}.Debug|Any CPU.Build.0 = Debug|Any CPU
		{62FA2ABD-42CE-45C0-834A-96DF5797985B}.Release|Any CPU.ActiveCfg = Release|Any CPU
		{62FA2ABD-42CE-45C0-834A-96DF5797985B}.Release|Any CPU.Build.0 = Release|Any CPU
		{053FBC3F-EC18-4E49-9006-717AEBECDF47}.Debug|Any CPU.ActiveCfg = Debug|Any CPU
		{053FBC3F-EC18-4E49-9006-717AEBECDF47}.Debug|Any CPU.Build.0 = Debug|Any CPU
		{053FBC3F-EC18-4E49-9006-717AEBECDF47}.Release|Any CPU.ActiveCfg = Release|Any CPU
		{053FBC3F-EC18-4E49-9006-717AEBECDF47}.Release|Any CPU.Build.0 = Release|Any CPU
		{5C737935-344E-430B-8240-DA21954A63FC}.Debug|Any CPU.ActiveCfg = Debug|Any CPU
		{5C737935-344E-430B-8240-DA21954A63FC}.Debug|Any CPU.Build.0 = Debug|Any CPU
		{5C737935-344E-430B-8240-DA21954A63FC}.Release|Any CPU.ActiveCfg = Release|Any CPU
		{5C737935-344E-430B-8240-DA21954A63FC}.Release|Any CPU.Build.0 = Release|Any CPU
	EndGlobalSection
	GlobalSection(SolutionProperties) = preSolution
		HideSolutionNode = FALSE
	EndGlobalSection
	GlobalSection(NestedProjects) = preSolution
		{F66C7547-544F-494B-AAB8-B00A685C8272} = {5745F4BA-DDF1-4D24-8294-DE8BA5C413B6}
		{061D0285-6FE9-41D8-9C19-298B1C3DF554} = {5745F4BA-DDF1-4D24-8294-DE8BA5C413B6}
		{FD072C06-2B25-4677-B669-1D300D3BC452} = {5745F4BA-DDF1-4D24-8294-DE8BA5C413B6}
		{0198CBD9-600D-4907-9524-9916BD63122B} = {5745F4BA-DDF1-4D24-8294-DE8BA5C413B6}
		{3AA026C5-3B95-42E0-A837-90569B65514B} = {F66C7547-544F-494B-AAB8-B00A685C8272}
		{766B326D-54AB-4ACB-A599-29B764F74784} = {3AA026C5-3B95-42E0-A837-90569B65514B}
		{329183D7-00A9-481B-B553-5D9E873A8731} = {061D0285-6FE9-41D8-9C19-298B1C3DF554}
		{2524B14D-E5D4-43BF-AC63-74A08D91EBBC} = {329183D7-00A9-481B-B553-5D9E873A8731}
		{B1B1FBB6-7E40-4A84-B0D2-0B1DBA2142F6} = {329183D7-00A9-481B-B553-5D9E873A8731}
		{2E36D034-8639-4694-B8F8-5B6450F87A36} = {329183D7-00A9-481B-B553-5D9E873A8731}
		{4609745E-57CA-4822-9720-93152A6F6FEF} = {329183D7-00A9-481B-B553-5D9E873A8731}
		{DBA27E79-9C49-47D9-9722-B9501FF310E1} = {0198CBD9-600D-4907-9524-9916BD63122B}
		{C97CC489-05F9-4283-BA0C-7168E19595DC} = {DBA27E79-9C49-47D9-9722-B9501FF310E1}
		{6AB9915A-55B5-4731-90D5-B9144A371FF6} = {FD072C06-2B25-4677-B669-1D300D3BC452}
		{54C25CFF-6DE0-41A9-BD0B-802DD2EB62F6} = {6AB9915A-55B5-4731-90D5-B9144A371FF6}
		{4DDB955D-1EBD-4CB1-A661-BD18BB69EB8F} = {FD072C06-2B25-4677-B669-1D300D3BC452}
		{2974037E-840B-4F63-AD6B-96F48A6FD9EF} = {4DDB955D-1EBD-4CB1-A661-BD18BB69EB8F}
		{A833B9C0-2F95-40C5-BD5C-D123AE3EA842} = {FD072C06-2B25-4677-B669-1D300D3BC452}
		{404025EE-B2FC-4A18-91A4-8CA3A8D1BEA4} = {A833B9C0-2F95-40C5-BD5C-D123AE3EA842}
		{1BC43A15-67D4-4248-9922-5EE92D11F0CF} = {FD072C06-2B25-4677-B669-1D300D3BC452}
		{CD4C43F6-C90F-4AA5-B89F-5BAF9A7EA248} = {1BC43A15-67D4-4248-9922-5EE92D11F0CF}
		{330BFB33-1719-45F8-ABC6-06D8AAA46D2C} = {FD072C06-2B25-4677-B669-1D300D3BC452}
		{6D1AC6D4-EDDF-47CE-97EF-E6542C33F431} = {330BFB33-1719-45F8-ABC6-06D8AAA46D2C}
		{C9B7A89D-A253-4A11-ACBC-487D81DD2A3C} = {330BFB33-1719-45F8-ABC6-06D8AAA46D2C}
		{62FA2ABD-42CE-45C0-834A-96DF5797985B} = {330BFB33-1719-45F8-ABC6-06D8AAA46D2C}
		{053FBC3F-EC18-4E49-9006-717AEBECDF47} = {330BFB33-1719-45F8-ABC6-06D8AAA46D2C}
		{587A45D2-B396-40D5-8DE4-3D3FBB234F30} = {FD072C06-2B25-4677-B669-1D300D3BC452}
		{5C737935-344E-430B-8240-DA21954A63FC} = {587A45D2-B396-40D5-8DE4-3D3FBB234F30}
	EndGlobalSection
	GlobalSection(ExtensibilityGlobals) = postSolution
		SolutionGuid = {4352E6FC-EE04-40C4-928D-1343CFC658FC}
	EndGlobalSection
EndGlobal
